
Microsoft Visual Studio Solution File, Format Version 12.00
# Visual Studio 15
VisualStudioVersion = 15.0.27703.2000
MinimumVisualStudioVersion = 10.0.40219.1
Project("{8BC9CEB8-8B4A-11D0-8D11-00A0C91BC942}") = "DwarfPeParse", "DwarfPeParse\DwarfPeParse.vcxproj", "{E57C4776-9E9B-4332-AA6A-46FE9F8F7EE6}"
EndProject
Global
	GlobalSection(SolutionConfigurationPlatforms) = preSolution
		Debug|x64 = Debug|x64
		Debug|x86 = Debug|x86
		Release|x64 = Release|x64
		Release|x86 = Release|x86
	EndGlobalSection
	GlobalSection(ProjectConfigurationPlatforms) = postSolution
		{E57C4776-9E9B-4332-AA6A-46FE9F8F7EE6}.Debug|x64.ActiveCfg = Debug|x64
		{E57C4776-9E9B-4332-AA6A-46FE9F8F7EE6}.Debug|x64.Build.0 = Debug|x64
		{E57C4776-9E9B-4332-AA6A-46FE9F8F7EE6}.Debug|x86.ActiveCfg = Debug|Win32
		{E57C4776-9E9B-4332-AA6A-46FE9F8F7EE6}.Debug|x86.Build.0 = Debug|Win32
		{E57C4776-9E9B-4332-AA6A-46FE9F8F7EE6}.Release|x64.ActiveCfg = Release|x64
		{E57C4776-9E9B-4332-AA6A-46FE9F8F7EE6}.Release|x64.Build.0 = Release|x64
		{E57C4776-9E9B-4332-AA6A-46FE9F8F7EE6}.Release|x86.ActiveCfg = Release|Win32
		{E57C4776-9E9B-4332-AA6A-46FE9F8F7EE6}.Release|x86.Build.0 = Release|Win32
	EndGlobalSection
	GlobalSection(SolutionProperties) = preSolution
		HideSolutionNode = FALSE
	EndGlobalSection
	GlobalSection(ExtensibilityGlobals) = postSolution
		SolutionGuid = {16A2E769-F9CD-499F-A29B-3795F8739240}
	EndGlobalSection
EndGlobal
